
Microsoft Visual Studio Solution File, Format Version 11.00
# Visual Studio 2010
Project("{FAE04EC0-301F-11D3-BF4B-00C04F79EFBC}") = "UnityEngine.TestRunner", "UnityEngine.TestRunner.csproj", "{624a5dff-a7a0-fd38-d795-bc89480cf60a}"
EndProject
Project("{FAE04EC0-301F-11D3-BF4B-00C04F79EFBC}") = "UnityEngine.UI", "UnityEngine.UI.csproj", "{ac5abd7c-0959-5bad-6e30-bd935a3ca79b}"
EndProject
Project("{FAE04EC0-301F-11D3-BF4B-00C04F79EFBC}") = "Unity.VisualScripting.Flow", "Unity.VisualScripting.Flow.csproj", "{fb561d6b-06e5-2f80-732c-cf4ca93a8cfa}"
EndProject
Project("{FAE04EC0-301F-11D3-BF4B-00C04F79EFBC}") = "Unity.Services.Core.Telemetry", "Unity.Services.Core.Telemetry.csproj", "{65b37dac-02b6-1529-2f1b-1c47f054f9c3}"
EndProject
Project("{FAE04EC0-301F-11D3-BF4B-00C04F79EFBC}") = "Unity.VisualScripting.State", "Unity.VisualScripting.State.csproj", "{ed95409f-ecb8-9f54-3dd2-34dbeeb49751}"
EndProject
Project("{FAE04EC0-301F-11D3-BF4B-00C04F79EFBC}") = "Unity.VisualScripting.Core", "Unity.VisualScripting.Core.csproj", "{402be6db-a725-b921-c5f3-605707ac9fb3}"
EndProject
Project("{FAE04EC0-301F-11D3-BF4B-00C04F79EFBC}") = "Unity.Services.Core.Environments.Internal", "Unity.Services.Core.Environments.Internal.csproj", "{903983e4-db88-4572-988c-1c216a8d0daa}"
EndProject
Project("{FAE04EC0-301F-11D3-BF4B-00C04F79EFBC}") = "Unity.TextMeshPro", "Unity.TextMeshPro.csproj", "{29d36b83-3d40-3715-70ce-4d25d135d08e}"
EndProject
Project("{FAE04EC0-301F-11D3-BF4B-00C04F79EFBC}") = "Unity.Timeline", "Unity.Timeline.csproj", "{be85fda2-ff07-b1b6-5024-7476e1ba689f}"
EndProject
Project("{FAE04EC0-301F-11D3-BF4B-00C04F79EFBC}") = "Unity.Services.Core", "Unity.Services.Core.csproj", "{98806ad6-4e56-4df7-deb9-078567836694}"
EndProject
Project("{FAE04EC0-301F-11D3-BF4B-00C04F79EFBC}") = "Unity.Services.Core.Environments", "Unity.Services.Core.Environments.csproj", "{21da4244-e0b8-21ee-3d62-2a4c177a9a94}"
EndProject
Project("{FAE04EC0-301F-11D3-BF4B-00C04F79EFBC}") = "Unity.Services.Core.Internal", "Unity.Services.Core.Internal.csproj", "{421d31ed-8454-13d6-38f3-02bd50cabe84}"
EndProject
Project("{FAE04EC0-301F-11D3-BF4B-00C04F79EFBC}") = "Unity.Services.Core.Analytics", "Unity.Services.Core.Analytics.csproj", "{b90789d6-7ad7-d861-3afc-4d38f99665ec}"
EndProject
Project("{FAE04EC0-301F-11D3-BF4B-00C04F79EFBC}") = "Unity.Services.Core.Scheduler", "Unity.Services.Core.Scheduler.csproj", "{debbfa77-1e95-ae55-7be4-aed2b201ad08}"
EndProject
Project("{FAE04EC0-301F-11D3-BF4B-00C04F79EFBC}") = "Unity.Services.Core.Registration", "Unity.Services.Core.Registration.csproj", "{4b0f2d4c-92b1-db39-9a93-d5e05cf4ccf4}"
EndProject
Project("{FAE04EC0-301F-11D3-BF4B-00C04F79EFBC}") = "Unity.Services.Core.Device", "Unity.Services.Core.Device.csproj", "{2eb177e0-4034-edb8-c01c-91b3d12f4a2a}"
EndProject
Project("{FAE04EC0-301F-11D3-BF4B-00C04F79EFBC}") = "Unity.Services.Core.Threading", "Unity.Services.Core.Threading.csproj", "{976ad45e-c622-3d8d-4992-db5d26e5d483}"
EndProject
Project("{FAE04EC0-301F-11D3-BF4B-00C04F79EFBC}") = "Unity.Services.Core.Networking", "Unity.Services.Core.Networking.csproj", "{6addd9e2-ef1d-4c7a-4030-920d2db8fc51}"
EndProject
Project("{FAE04EC0-301F-11D3-BF4B-00C04F79EFBC}") = "Unity.Services.Core.Configuration", "Unity.Services.Core.Configuration.csproj", "{7af81198-e6e0-aab7-8043-7b0f7257d2c1}"
EndProject
Project("{FAE04EC0-301F-11D3-BF4B-00C04F79EFBC}") = "Assembly-CSharp", "Assembly-CSharp.csproj", "{b7dd4d02-76df-8fb5-e575-1b0f5bfa29bd}"
EndProject
Project("{FAE04EC0-301F-11D3-BF4B-00C04F79EFBC}") = "Unity.PlasticSCM.Editor", "Unity.PlasticSCM.Editor.csproj", "{211b0b4d-2655-c538-fd92-da641aa34065}"
EndProject
Project("{FAE04EC0-301F-11D3-BF4B-00C04F79EFBC}") = "Unity.VisualScripting.Core.Editor", "Unity.VisualScripting.Core.Editor.csproj", "{f63fec0d-9867-7f01-5669-8cb9f9e4cf97}"
EndProject
Project("{FAE04EC0-301F-11D3-BF4B-00C04F79EFBC}") = "Unity.VisualScripting.Flow.Editor", "Unity.VisualScripting.Flow.Editor.csproj", "{10d0803b-c208-9807-e72f-90948e97f481}"
EndProject
Project("{FAE04EC0-301F-11D3-BF4B-00C04F79EFBC}") = "Unity.VisualStudio.Editor", "Unity.VisualStudio.Editor.csproj", "{2a84d1c2-b619-9ddf-a9e8-d31cd0023c00}"
EndProject
Project("{FAE04EC0-301F-11D3-BF4B-00C04F79EFBC}") = "Unity.Timeline.Editor", "Unity.Timeline.Editor.csproj", "{8f609986-8712-3d6f-3bd5-439bbd634e98}"
EndProject
Project("{FAE04EC0-301F-11D3-BF4B-00C04F79EFBC}") = "Unity.VisualScripting.State.Editor", "Unity.VisualScripting.State.Editor.csproj", "{6343c16f-730a-09a4-ad4f-c65a9e8b72bd}"
EndProject
Project("{FAE04EC0-301F-11D3-BF4B-00C04F79EFBC}") = "Unity.TextMeshPro.Editor", "Unity.TextMeshPro.Editor.csproj", "{18f290f1-09a8-04af-b1a8-6f60bf784be9}"
EndProject
Project("{FAE04EC0-301F-11D3-BF4B-00C04F79EFBC}") = "Unity.VisualScripting.SettingsProvider.Editor", "Unity.VisualScripting.SettingsProvider.Editor.csproj", "{b6da35a9-cd65-7080-d6ba-2e677f2d3ac2}"
EndProject
Project("{FAE04EC0-301F-11D3-BF4B-00C04F79EFBC}") = "Unity.CollabProxy.Editor", "Unity.CollabProxy.Editor.csproj", "{5db8c8fa-06f5-99a6-4f26-169397b9ae16}"
EndProject
Project("{FAE04EC0-301F-11D3-BF4B-00C04F79EFBC}") = "UnityEditor.TestRunner", "UnityEditor.TestRunner.csproj", "{b7cff008-6711-e22c-cb7e-36494557b26e}"
EndProject
Project("{FAE04EC0-301F-11D3-BF4B-00C04F79EFBC}") = "Unity.Services.Core.Editor", "Unity.Services.Core.Editor.csproj", "{66b7b8df-5a77-3796-944f-89055421a08c}"
EndProject
Project("{FAE04EC0-301F-11D3-BF4B-00C04F79EFBC}") = "Unity.TestTools.CodeCoverage.Editor", "Unity.TestTools.CodeCoverage.Editor.csproj", "{508daab5-7262-a3b1-ebc1-cce6a89d6bdd}"
EndProject
Project("{FAE04EC0-301F-11D3-BF4B-00C04F79EFBC}") = "Unity.Rider.Editor", "Unity.Rider.Editor.csproj", "{ccca6f20-8e6c-67a8-e496-c9f38320e38e}"
EndProject
Project("{FAE04EC0-301F-11D3-BF4B-00C04F79EFBC}") = "Unity.Performance.Profile-Analyzer.Editor", "Unity.Performance.Profile-Analyzer.Editor.csproj", "{7334b2ad-d9e8-c880-7ca5-6fa43acd7480}"
EndProject
Project("{FAE04EC0-301F-11D3-BF4B-00C04F79EFBC}") = "Unity.VSCode.Editor", "Unity.VSCode.Editor.csproj", "{573d200e-87e9-16c9-6b48-f66db009ac49}"
EndProject
Project("{FAE04EC0-301F-11D3-BF4B-00C04F79EFBC}") = "UnityEditor.UI", "UnityEditor.UI.csproj", "{aea6dfdb-8436-45bd-5a92-b7a0fb8a5307}"
EndProject
Project("{FAE04EC0-301F-11D3-BF4B-00C04F79EFBC}") = "Unity.Settings.Editor", "Unity.Settings.Editor.csproj", "{e03494dc-c77f-0984-87dc-0b9da4671f58}"
EndProject
Project("{FAE04EC0-301F-11D3-BF4B-00C04F79EFBC}") = "Unity.TestTools.CodeCoverage.Editor.OpenCover.Model", "Unity.TestTools.CodeCoverage.Editor.OpenCover.Model.csproj", "{67066ebf-6d29-ff00-9cd2-a31620d7a05d}"
EndProject
Project("{FAE04EC0-301F-11D3-BF4B-00C04F79EFBC}") = "Unity.EditorCoroutines.Editor", "Unity.EditorCoroutines.Editor.csproj", "{ab7efc89-a0bb-4a24-4af8-3a3e3271e947}"
EndProject
Project("{FAE04EC0-301F-11D3-BF4B-00C04F79EFBC}") = "Unity.Services.Core.Configuration.Editor", "Unity.Services.Core.Configuration.Editor.csproj", "{7d520b91-1d20-7c7c-9c1f-d20c5ba68492}"
EndProject
Project("{FAE04EC0-301F-11D3-BF4B-00C04F79EFBC}") = "Unity.TestTools.CodeCoverage.Editor.OpenCover.Mono.Reflection", "Unity.TestTools.CodeCoverage.Editor.OpenCover.Mono.Reflection.csproj", "{6b45f323-540e-90a4-63b8-b249b93ebb1e}"
EndProject
Project("{FAE04EC0-301F-11D3-BF4B-00C04F79EFBC}") = "Unity.VisualScripting.Shared.Editor", "Unity.VisualScripting.Shared.Editor.csproj", "{9e4ae6e4-e49a-4122-d975-341abd4bc687}"
EndProject
Global
	GlobalSection(SolutionConfigurationPlatforms) = preSolution
		Debug|Any CPU = Debug|Any CPU
	EndGlobalSection
	GlobalSection(ProjectConfigurationPlatforms) = postSolution
		{624a5dff-a7a0-fd38-d795-bc89480cf60a}.Debug|Any CPU.ActiveCfg = Debug|Any CPU
		{624a5dff-a7a0-fd38-d795-bc89480cf60a}.Debug|Any CPU.Build.0 = Debug|Any CPU
		{ac5abd7c-0959-5bad-6e30-bd935a3ca79b}.Debug|Any CPU.ActiveCfg = Debug|Any CPU
		{ac5abd7c-0959-5bad-6e30-bd935a3ca79b}.Debug|Any CPU.Build.0 = Debug|Any CPU
		{fb561d6b-06e5-2f80-732c-cf4ca93a8cfa}.Debug|Any CPU.ActiveCfg = Debug|Any CPU
		{fb561d6b-06e5-2f80-732c-cf4ca93a8cfa}.Debug|Any CPU.Build.0 = Debug|Any CPU
		{65b37dac-02b6-1529-2f1b-1c47f054f9c3}.Debug|Any CPU.ActiveCfg = Debug|Any CPU
		{65b37dac-02b6-1529-2f1b-1c47f054f9c3}.Debug|Any CPU.Build.0 = Debug|Any CPU
		{ed95409f-ecb8-9f54-3dd2-34dbeeb49751}.Debug|Any CPU.ActiveCfg = Debug|Any CPU
		{ed95409f-ecb8-9f54-3dd2-34dbeeb49751}.Debug|Any CPU.Build.0 = Debug|Any CPU
		{402be6db-a725-b921-c5f3-605707ac9fb3}.Debug|Any CPU.ActiveCfg = Debug|Any CPU
		{402be6db-a725-b921-c5f3-605707ac9fb3}.Debug|Any CPU.Build.0 = Debug|Any CPU
		{903983e4-db88-4572-988c-1c216a8d0daa}.Debug|Any CPU.ActiveCfg = Debug|Any CPU
		{903983e4-db88-4572-988c-1c216a8d0daa}.Debug|Any CPU.Build.0 = Debug|Any CPU
		{29d36b83-3d40-3715-70ce-4d25d135d08e}.Debug|Any CPU.ActiveCfg = Debug|Any CPU
		{29d36b83-3d40-3715-70ce-4d25d135d08e}.Debug|Any CPU.Build.0 = Debug|Any CPU
		{be85fda2-ff07-b1b6-5024-7476e1ba689f}.Debug|Any CPU.ActiveCfg = Debug|Any CPU
		{be85fda2-ff07-b1b6-5024-7476e1ba689f}.Debug|Any CPU.Build.0 = Debug|Any CPU
		{98806ad6-4e56-4df7-deb9-078567836694}.Debug|Any CPU.ActiveCfg = Debug|Any CPU
		{98806ad6-4e56-4df7-deb9-078567836694}.Debug|Any CPU.Build.0 = Debug|Any CPU
		{21da4244-e0b8-21ee-3d62-2a4c177a9a94}.Debug|Any CPU.ActiveCfg = Debug|Any CPU
		{21da4244-e0b8-21ee-3d62-2a4c177a9a94}.Debug|Any CPU.Build.0 = Debug|Any CPU
		{421d31ed-8454-13d6-38f3-02bd50cabe84}.Debug|Any CPU.ActiveCfg = Debug|Any CPU
		{421d31ed-8454-13d6-38f3-02bd50cabe84}.Debug|Any CPU.Build.0 = Debug|Any CPU
		{b90789d6-7ad7-d861-3afc-4d38f99665ec}.Debug|Any CPU.ActiveCfg = Debug|Any CPU
		{b90789d6-7ad7-d861-3afc-4d38f99665ec}.Debug|Any CPU.Build.0 = Debug|Any CPU
		{debbfa77-1e95-ae55-7be4-aed2b201ad08}.Debug|Any CPU.ActiveCfg = Debug|Any CPU
		{debbfa77-1e95-ae55-7be4-aed2b201ad08}.Debug|Any CPU.Build.0 = Debug|Any CPU
		{4b0f2d4c-92b1-db39-9a93-d5e05cf4ccf4}.Debug|Any CPU.ActiveCfg = Debug|Any CPU
		{4b0f2d4c-92b1-db39-9a93-d5e05cf4ccf4}.Debug|Any CPU.Build.0 = Debug|Any CPU
		{2eb177e0-4034-edb8-c01c-91b3d12f4a2a}.Debug|Any CPU.ActiveCfg = Debug|Any CPU
		{2eb177e0-4034-edb8-c01c-91b3d12f4a2a}.Debug|Any CPU.Build.0 = Debug|Any CPU
		{976ad45e-c622-3d8d-4992-db5d26e5d483}.Debug|Any CPU.ActiveCfg = Debug|Any CPU
		{976ad45e-c622-3d8d-4992-db5d26e5d483}.Debug|Any CPU.Build.0 = Debug|Any CPU
		{6addd9e2-ef1d-4c7a-4030-920d2db8fc51}.Debug|Any CPU.ActiveCfg = Debug|Any CPU
		{6addd9e2-ef1d-4c7a-4030-920d2db8fc51}.Debug|Any CPU.Build.0 = Debug|Any CPU
		{7af81198-e6e0-aab7-8043-7b0f7257d2c1}.Debug|Any CPU.ActiveCfg = Debug|Any CPU
		{7af81198-e6e0-aab7-8043-7b0f7257d2c1}.Debug|Any CPU.Build.0 = Debug|Any CPU
		{b7dd4d02-76df-8fb5-e575-1b0f5bfa29bd}.Debug|Any CPU.ActiveCfg = Debug|Any CPU
		{b7dd4d02-76df-8fb5-e575-1b0f5bfa29bd}.Debug|Any CPU.Build.0 = Debug|Any CPU
		{211b0b4d-2655-c538-fd92-da641aa34065}.Debug|Any CPU.ActiveCfg = Debug|Any CPU
		{211b0b4d-2655-c538-fd92-da641aa34065}.Debug|Any CPU.Build.0 = Debug|Any CPU
		{f63fec0d-9867-7f01-5669-8cb9f9e4cf97}.Debug|Any CPU.ActiveCfg = Debug|Any CPU
		{f63fec0d-9867-7f01-5669-8cb9f9e4cf97}.Debug|Any CPU.Build.0 = Debug|Any CPU
		{10d0803b-c208-9807-e72f-90948e97f481}.Debug|Any CPU.ActiveCfg = Debug|Any CPU
		{10d0803b-c208-9807-e72f-90948e97f481}.Debug|Any CPU.Build.0 = Debug|Any CPU
		{2a84d1c2-b619-9ddf-a9e8-d31cd0023c00}.Debug|Any CPU.ActiveCfg = Debug|Any CPU
		{2a84d1c2-b619-9ddf-a9e8-d31cd0023c00}.Debug|Any CPU.Build.0 = Debug|Any CPU
		{8f609986-8712-3d6f-3bd5-439bbd634e98}.Debug|Any CPU.ActiveCfg = Debug|Any CPU
		{8f609986-8712-3d6f-3bd5-439bbd634e98}.Debug|Any CPU.Build.0 = Debug|Any CPU
		{6343c16f-730a-09a4-ad4f-c65a9e8b72bd}.Debug|Any CPU.ActiveCfg = Debug|Any CPU
		{6343c16f-730a-09a4-ad4f-c65a9e8b72bd}.Debug|Any CPU.Build.0 = Debug|Any CPU
		{18f290f1-09a8-04af-b1a8-6f60bf784be9}.Debug|Any CPU.ActiveCfg = Debug|Any CPU
		{18f290f1-09a8-04af-b1a8-6f60bf784be9}.Debug|Any CPU.Build.0 = Debug|Any CPU
		{b6da35a9-cd65-7080-d6ba-2e677f2d3ac2}.Debug|Any CPU.ActiveCfg = Debug|Any CPU
		{b6da35a9-cd65-7080-d6ba-2e677f2d3ac2}.Debug|Any CPU.Build.0 = Debug|Any CPU
		{5db8c8fa-06f5-99a6-4f26-169397b9ae16}.Debug|Any CPU.ActiveCfg = Debug|Any CPU
		{5db8c8fa-06f5-99a6-4f26-169397b9ae16}.Debug|Any CPU.Build.0 = Debug|Any CPU
		{b7cff008-6711-e22c-cb7e-36494557b26e}.Debug|Any CPU.ActiveCfg = Debug|Any CPU
		{b7cff008-6711-e22c-cb7e-36494557b26e}.Debug|Any CPU.Build.0 = Debug|Any CPU
		{66b7b8df-5a77-3796-944f-89055421a08c}.Debug|Any CPU.ActiveCfg = Debug|Any CPU
		{66b7b8df-5a77-3796-944f-89055421a08c}.Debug|Any CPU.Build.0 = Debug|Any CPU
		{508daab5-7262-a3b1-ebc1-cce6a89d6bdd}.Debug|Any CPU.ActiveCfg = Debug|Any CPU
		{508daab5-7262-a3b1-ebc1-cce6a89d6bdd}.Debug|Any CPU.Build.0 = Debug|Any CPU
		{ccca6f20-8e6c-67a8-e496-c9f38320e38e}.Debug|Any CPU.ActiveCfg = Debug|Any CPU
		{ccca6f20-8e6c-67a8-e496-c9f38320e38e}.Debug|Any CPU.Build.0 = Debug|Any CPU
		{7334b2ad-d9e8-c880-7ca5-6fa43acd7480}.Debug|Any CPU.ActiveCfg = Debug|Any CPU
		{7334b2ad-d9e8-c880-7ca5-6fa43acd7480}.Debug|Any CPU.Build.0 = Debug|Any CPU
		{573d200e-87e9-16c9-6b48-f66db009ac49}.Debug|Any CPU.ActiveCfg = Debug|Any CPU
		{573d200e-87e9-16c9-6b48-f66db009ac49}.Debug|Any CPU.Build.0 = Debug|Any CPU
		{aea6dfdb-8436-45bd-5a92-b7a0fb8a5307}.Debug|Any CPU.ActiveCfg = Debug|Any CPU
		{aea6dfdb-8436-45bd-5a92-b7a0fb8a5307}.Debug|Any CPU.Build.0 = Debug|Any CPU
		{e03494dc-c77f-0984-87dc-0b9da4671f58}.Debug|Any CPU.ActiveCfg = Debug|Any CPU
		{e03494dc-c77f-0984-87dc-0b9da4671f58}.Debug|Any CPU.Build.0 = Debug|Any CPU
		{67066ebf-6d29-ff00-9cd2-a31620d7a05d}.Debug|Any CPU.ActiveCfg = Debug|Any CPU
		{67066ebf-6d29-ff00-9cd2-a31620d7a05d}.Debug|Any CPU.Build.0 = Debug|Any CPU
		{ab7efc89-a0bb-4a24-4af8-3a3e3271e947}.Debug|Any CPU.ActiveCfg = Debug|Any CPU
		{ab7efc89-a0bb-4a24-4af8-3a3e3271e947}.Debug|Any CPU.Build.0 = Debug|Any CPU
		{7d520b91-1d20-7c7c-9c1f-d20c5ba68492}.Debug|Any CPU.ActiveCfg = Debug|Any CPU
		{7d520b91-1d20-7c7c-9c1f-d20c5ba68492}.Debug|Any CPU.Build.0 = Debug|Any CPU
		{6b45f323-540e-90a4-63b8-b249b93ebb1e}.Debug|Any CPU.ActiveCfg = Debug|Any CPU
		{6b45f323-540e-90a4-63b8-b249b93ebb1e}.Debug|Any CPU.Build.0 = Debug|Any CPU
		{9e4ae6e4-e49a-4122-d975-341abd4bc687}.Debug|Any CPU.ActiveCfg = Debug|Any CPU
		{9e4ae6e4-e49a-4122-d975-341abd4bc687}.Debug|Any CPU.Build.0 = Debug|Any CPU
	EndGlobalSection
	GlobalSection(SolutionProperties) = preSolution
		HideSolutionNode = FALSE
	EndGlobalSection
EndGlobal
